{
  "markbot": "4036e3edd9b5df0017d0947b05014b51d6cfd9df7df094de94d64d4cb0a02094",
  "markbotignore": "030a4e6e1b3b6b510514a7ae54576e2c2ef762d56236c6414ef634955d96a126",
  "index-320.png": "3d1cd99bd5eea7ff536a70d207885f49dbf36c6740f0e1f578282d3e001b3ccc",
  "index-960.png": "dc4ba246125d629552fb03d5b07a0c9903f517f21e1ab364264d901d89e4bc38"
}