{
  "markbot": "a86fb13c7580b426f3f1a9960eb1dba2ad2a97b96b795cf628d0124a7ad019c0",
  "markbotignore": "030a4e6e1b3b6b510514a7ae54576e2c2ef762d56236c6414ef634955d96a126",
  "index-320.png": "a55370b4685b4b01aaee132c4c2f41b1f7cd3b7d8aea0fe51c21dded7e9588dd",
  "index-960.png": "731e4877bee14817aafca4c2bf2ef701609105db8909f77e95d2e70b4e4eff73"
}